
Microsoft Visual Studio Solution File, Format Version 12.00
# Visual Studio 15
VisualStudioVersion = 15.0.27130.2036
MinimumVisualStudioVersion = 10.0.40219.1
Project("{FAE04EC0-301F-11D3-BF4B-00C04F79EFBC}") = "MSU", "MVCMySql\MSU.csproj", "{E7458B70-4C7C-4499-ACE3-8416077C94F1}"
EndProject
Project("{FAE04EC0-301F-11D3-BF4B-00C04F79EFBC}") = "MSU.Base", "MSU.Base\MSU.Base.csproj", "{8503D213-63F8-4B58-8F89-F6FC88EC4912}"
EndProject
Global
	GlobalSection(SolutionConfigurationPlatforms) = preSolution
		Debug|Any CPU = Debug|Any CPU
		Release|Any CPU = Release|Any CPU
	EndGlobalSection
	GlobalSection(ProjectConfigurationPlatforms) = postSolution
		{E7458B70-4C7C-4499-ACE3-8416077C94F1}.Debug|Any CPU.ActiveCfg = Debug|Any CPU
		{E7458B70-4C7C-4499-ACE3-8416077C94F1}.Debug|Any CPU.Build.0 = Debug|Any CPU
		{E7458B70-4C7C-4499-ACE3-8416077C94F1}.Release|Any CPU.ActiveCfg = Release|Any CPU
		{E7458B70-4C7C-4499-ACE3-8416077C94F1}.Release|Any CPU.Build.0 = Release|Any CPU
		{8503D213-63F8-4B58-8F89-F6FC88EC4912}.Debug|Any CPU.ActiveCfg = Debug|Any CPU
		{8503D213-63F8-4B58-8F89-F6FC88EC4912}.Debug|Any CPU.Build.0 = Debug|Any CPU
		{8503D213-63F8-4B58-8F89-F6FC88EC4912}.Release|Any CPU.ActiveCfg = Release|Any CPU
		{8503D213-63F8-4B58-8F89-F6FC88EC4912}.Release|Any CPU.Build.0 = Release|Any CPU
	EndGlobalSection
	GlobalSection(SolutionProperties) = preSolution
		HideSolutionNode = FALSE
	EndGlobalSection
	GlobalSection(ExtensibilityGlobals) = postSolution
		SolutionGuid = {E5F5A9BC-1A19-4D00-9AB4-FCA897C6B2F4}
	EndGlobalSection
EndGlobal
